
Microsoft Visual Studio Solution File, Format Version 12.00
# Visual Studio Version 16
VisualStudioVersion = 16.0.30128.74
MinimumVisualStudioVersion = 10.0.40219.1
Project("{FAE04EC0-301F-11D3-BF4B-00C04F79EFBC}") = "klimm", "klimm\klimm.csproj", "{DC132966-FC7B-4932-A8DC-0425C1291100}"
EndProject
Project("{FAE04EC0-301F-11D3-BF4B-00C04F79EFBC}") = "ClassLibrary1", "ClassLibrary1\ClassLibrary1.csproj", "{A685CC67-466C-4D1D-8A6A-63669DAD556F}"
EndProject
Global
	GlobalSection(SolutionConfigurationPlatforms) = preSolution
		Debug|Any CPU = Debug|Any CPU
		Release|Any CPU = Release|Any CPU
	EndGlobalSection
	GlobalSection(ProjectConfigurationPlatforms) = postSolution
		{DC132966-FC7B-4932-A8DC-0425C1291100}.Debug|Any CPU.ActiveCfg = Debug|Any CPU
		{DC132966-FC7B-4932-A8DC-0425C1291100}.Debug|Any CPU.Build.0 = Debug|Any CPU
		{DC132966-FC7B-4932-A8DC-0425C1291100}.Release|Any CPU.ActiveCfg = Release|Any CPU
		{DC132966-FC7B-4932-A8DC-0425C1291100}.Release|Any CPU.Build.0 = Release|Any CPU
		{A685CC67-466C-4D1D-8A6A-63669DAD556F}.Debug|Any CPU.ActiveCfg = Debug|Any CPU
		{A685CC67-466C-4D1D-8A6A-63669DAD556F}.Debug|Any CPU.Build.0 = Debug|Any CPU
		{A685CC67-466C-4D1D-8A6A-63669DAD556F}.Release|Any CPU.ActiveCfg = Release|Any CPU
		{A685CC67-466C-4D1D-8A6A-63669DAD556F}.Release|Any CPU.Build.0 = Release|Any CPU
	EndGlobalSection
	GlobalSection(SolutionProperties) = preSolution
		HideSolutionNode = FALSE
	EndGlobalSection
	GlobalSection(ExtensibilityGlobals) = postSolution
		SolutionGuid = {0FBD9614-5993-4A29-AE6F-3BBA35B2CF0B}
	EndGlobalSection
EndGlobal
